// !$*UTF8*$!
{
	archiveVersion = 1;
	classes = {
	};
	objectVersion = 46;
	objects = {

/* Begin PBXBuildFile section */
		0517657F19C4A5B2002D3957 /* SchoolsViewController.swift in Sources */ = {isa = PBXBuildFile; fileRef = 0517657E19C4A5B2002D3957 /* SchoolsViewController.swift */; };
		0529090F19C9C68900695D7E /* School.swift in Sources */ = {isa = PBXBuildFile; fileRef = 0529090E19C9C68900695D7E /* School.swift */; };
		057FCE2919C4905200BAA2D9 /* AppDelegate.swift in Sources */ = {isa = PBXBuildFile; fileRef = 057FCE2819C4905200BAA2D9 /* AppDelegate.swift */; };
		057FCE2B19C4905200BAA2D9 /* FirstViewController.swift in Sources */ = {isa = PBXBuildFile; fileRef = 057FCE2A19C4905200BAA2D9 /* FirstViewController.swift */; };
		057FCE2D19C4905200BAA2D9 /* SecondViewController.swift in Sources */ = {isa = PBXBuildFile; fileRef = 057FCE2C19C4905200BAA2D9 /* SecondViewController.swift */; };
		057FCE3019C4905200BAA2D9 /* Main.storyboard in Resources */ = {isa = PBXBuildFile; fileRef = 057FCE2E19C4905200BAA2D9 /* Main.storyboard */; };
		057FCE3219C4905200BAA2D9 /* Images.xcassets in Resources */ = {isa = PBXBuildFile; fileRef = 057FCE3119C4905200BAA2D9 /* Images.xcassets */; };
		057FCE3519C4905200BAA2D9 /* LaunchScreen.xib in Resources */ = {isa = PBXBuildFile; fileRef = 057FCE3319C4905200BAA2D9 /* LaunchScreen.xib */; };
		057FCE4119C4905300BAA2D9 /* SuperAdminTests.swift in Sources */ = {isa = PBXBuildFile; fileRef = 057FCE4019C4905300BAA2D9 /* SuperAdminTests.swift */; };
		05B7E0DA19CB2F97006E9A13 /* DataLoader.swift in Sources */ = {isa = PBXBuildFile; fileRef = 05B7E0D819CB2F97006E9A13 /* DataLoader.swift */; };
		05B7E0DB19CB2F97006E9A13 /* JSONHelper.swift in Sources */ = {isa = PBXBuildFile; fileRef = 05B7E0D919CB2F97006E9A13 /* JSONHelper.swift */; };
		05C979E419C7065400A9884B /* SchoolCell.swift in Sources */ = {isa = PBXBuildFile; fileRef = 05C979E319C7065400A9884B /* SchoolCell.swift */; };
		C0E3700F8D794009BA7BCF83 /* libPods.a in Frameworks */ = {isa = PBXBuildFile; fileRef = 896DC0968B17459CB20E8DA1 /* libPods.a */; };
/* End PBXBuildFile section */

/* Begin PBXContainerItemProxy section */
		057FCE3B19C4905300BAA2D9 /* PBXContainerItemProxy */ = {
			isa = PBXContainerItemProxy;
			containerPortal = 057FCE1B19C4905200BAA2D9 /* Project object */;
			proxyType = 1;
			remoteGlobalIDString = 057FCE2219C4905200BAA2D9;
			remoteInfo = SuperAdmin;
		};
/* End PBXContainerItemProxy section */

/* Begin PBXFileReference section */
		0517657D19C49AEB002D3957 /* SuperAdmin-Bridging-Header.h */ = {isa = PBXFileReference; fileEncoding = 4; lastKnownFileType = sourcecode.c.h; path = "SuperAdmin-Bridging-Header.h"; sourceTree = "<group>"; };
		0517657E19C4A5B2002D3957 /* SchoolsViewController.swift */ = {isa = PBXFileReference; fileEncoding = 4; lastKnownFileType = sourcecode.swift; path = SchoolsViewController.swift; sourceTree = "<group>"; };
		0529090E19C9C68900695D7E /* School.swift */ = {isa = PBXFileReference; fileEncoding = 4; lastKnownFileType = sourcecode.swift; path = School.swift; sourceTree = "<group>"; };
		057FCE2319C4905200BAA2D9 /* SuperAdmin.app */ = {isa = PBXFileReference; explicitFileType = wrapper.application; includeInIndex = 0; path = SuperAdmin.app; sourceTree = BUILT_PRODUCTS_DIR; };
		057FCE2719C4905200BAA2D9 /* Info.plist */ = {isa = PBXFileReference; lastKnownFileType = text.plist.xml; path = Info.plist; sourceTree = "<group>"; };
		057FCE2819C4905200BAA2D9 /* AppDelegate.swift */ = {isa = PBXFileReference; lastKnownFileType = sourcecode.swift; path = AppDelegate.swift; sourceTree = "<group>"; };
		057FCE2A19C4905200BAA2D9 /* FirstViewController.swift */ = {isa = PBXFileReference; lastKnownFileType = sourcecode.swift; path = FirstViewController.swift; sourceTree = "<group>"; };
		057FCE2C19C4905200BAA2D9 /* SecondViewController.swift */ = {isa = PBXFileReference; lastKnownFileType = sourcecode.swift; path = SecondViewController.swift; sourceTree = "<group>"; };
		057FCE2F19C4905200BAA2D9 /* Base */ = {isa = PBXFileReference; lastKnownFileType = file.storyboard; name = Base; path = Base.lproj/Main.storyboard; sourceTree = "<group>"; };
		057FCE3119C4905200BAA2D9 /* Images.xcassets */ = {isa = PBXFileReference; lastKnownFileType = folder.assetcatalog; path = Images.xcassets; sourceTree = "<group>"; };
		057FCE3419C4905200BAA2D9 /* Base */ = {isa = PBXFileReference; lastKnownFileType = file.xib; name = Base; path = Base.lproj/LaunchScreen.xib; sourceTree = "<group>"; };
		057FCE3A19C4905200BAA2D9 /* SuperAdminTests.xctest */ = {isa = PBXFileReference; explicitFileType = wrapper.cfbundle; includeInIndex = 0; path = SuperAdminTests.xctest; sourceTree = BUILT_PRODUCTS_DIR; };
		057FCE3F19C4905300BAA2D9 /* Info.plist */ = {isa = PBXFileReference; lastKnownFileType = text.plist.xml; path = Info.plist; sourceTree = "<group>"; };
		057FCE4019C4905300BAA2D9 /* SuperAdminTests.swift */ = {isa = PBXFileReference; lastKnownFileType = sourcecode.swift; path = SuperAdminTests.swift; sourceTree = "<group>"; };
		05B7E0D819CB2F97006E9A13 /* DataLoader.swift */ = {isa = PBXFileReference; fileEncoding = 4; lastKnownFileType = sourcecode.swift; path = DataLoader.swift; sourceTree = "<group>"; };
		05B7E0D919CB2F97006E9A13 /* JSONHelper.swift */ = {isa = PBXFileReference; fileEncoding = 4; lastKnownFileType = sourcecode.swift; path = JSONHelper.swift; sourceTree = "<group>"; };
		05C979E319C7065400A9884B /* SchoolCell.swift */ = {isa = PBXFileReference; fileEncoding = 4; lastKnownFileType = sourcecode.swift; path = SchoolCell.swift; sourceTree = "<group>"; };
		896DC0968B17459CB20E8DA1 /* libPods.a */ = {isa = PBXFileReference; explicitFileType = archive.ar; includeInIndex = 0; path = libPods.a; sourceTree = BUILT_PRODUCTS_DIR; };
		954EB4C49E0A4A5489593C6A /* Pods.xcconfig */ = {isa = PBXFileReference; includeInIndex = 1; lastKnownFileType = text.xcconfig; name = Pods.xcconfig; path = Pods/Pods.xcconfig; sourceTree = "<group>"; };
/* End PBXFileReference section */

/* Begin PBXFrameworksBuildPhase section */
		057FCE2019C4905200BAA2D9 /* Frameworks */ = {
			isa = PBXFrameworksBuildPhase;
			buildActionMask = 2147483647;
			files = (
				C0E3700F8D794009BA7BCF83 /* libPods.a in Frameworks */,
			);
			runOnlyForDeploymentPostprocessing = 0;
		};
		057FCE3719C4905200BAA2D9 /* Frameworks */ = {
			isa = PBXFrameworksBuildPhase;
			buildActionMask = 2147483647;
			files = (
			);
			runOnlyForDeploymentPostprocessing = 0;
		};
/* End PBXFrameworksBuildPhase section */

/* Begin PBXGroup section */
		0529090C19C9C66500695D7E /* Models */ = {
			isa = PBXGroup;
			children = (
				05B7E0D819CB2F97006E9A13 /* DataLoader.swift */,
				05B7E0D919CB2F97006E9A13 /* JSONHelper.swift */,
				0529090E19C9C68900695D7E /* School.swift */,
			);
			name = Models;
			sourceTree = "<group>";
		};
		0529090D19C9C66F00695D7E /* Controllers */ = {
			isa = PBXGroup;
			children = (
				057FCE2A19C4905200BAA2D9 /* FirstViewController.swift */,
				057FCE2C19C4905200BAA2D9 /* SecondViewController.swift */,
				0517657E19C4A5B2002D3957 /* SchoolsViewController.swift */,
			);
			name = Controllers;
			sourceTree = "<group>";
		};
		0529091019C9CC5B00695D7E /* Views */ = {
			isa = PBXGroup;
			children = (
				05C979E319C7065400A9884B /* SchoolCell.swift */,
			);
			name = Views;
			sourceTree = "<group>";
		};
		057FCE1A19C4905200BAA2D9 = {
			isa = PBXGroup;
			children = (
				057FCE2519C4905200BAA2D9 /* SuperAdmin */,
				057FCE3D19C4905300BAA2D9 /* SuperAdminTests */,
				057FCE2419C4905200BAA2D9 /* Products */,
				954EB4C49E0A4A5489593C6A /* Pods.xcconfig */,
				BA5F393488BD4E9D98E65200 /* Frameworks */,
			);
			sourceTree = "<group>";
		};
		057FCE2419C4905200BAA2D9 /* Products */ = {
			isa = PBXGroup;
			children = (
				057FCE2319C4905200BAA2D9 /* SuperAdmin.app */,
				057FCE3A19C4905200BAA2D9 /* SuperAdminTests.xctest */,
			);
			name = Products;
			sourceTree = "<group>";
		};
		057FCE2519C4905200BAA2D9 /* SuperAdmin */ = {
			isa = PBXGroup;
			children = (
				0529091019C9CC5B00695D7E /* Views */,
				0529090D19C9C66F00695D7E /* Controllers */,
				0529090C19C9C66500695D7E /* Models */,
				057FCE2819C4905200BAA2D9 /* AppDelegate.swift */,
				057FCE2E19C4905200BAA2D9 /* Main.storyboard */,
				057FCE3119C4905200BAA2D9 /* Images.xcassets */,
				057FCE3319C4905200BAA2D9 /* LaunchScreen.xib */,
				057FCE2619C4905200BAA2D9 /* Supporting Files */,
				0517657D19C49AEB002D3957 /* SuperAdmin-Bridging-Header.h */,
			);
			path = SuperAdmin;
			sourceTree = "<group>";
		};
		057FCE2619C4905200BAA2D9 /* Supporting Files */ = {
			isa = PBXGroup;
			children = (
				057FCE2719C4905200BAA2D9 /* Info.plist */,
			);
			name = "Supporting Files";
			sourceTree = "<group>";
		};
		057FCE3D19C4905300BAA2D9 /* SuperAdminTests */ = {
			isa = PBXGroup;
			children = (
				057FCE4019C4905300BAA2D9 /* SuperAdminTests.swift */,
				057FCE3E19C4905300BAA2D9 /* Supporting Files */,
			);
			path = SuperAdminTests;
			sourceTree = "<group>";
		};
		057FCE3E19C4905300BAA2D9 /* Supporting Files */ = {
			isa = PBXGroup;
			children = (
				057FCE3F19C4905300BAA2D9 /* Info.plist */,
			);
			name = "Supporting Files";
			sourceTree = "<group>";
		};
		BA5F393488BD4E9D98E65200 /* Frameworks */ = {
			isa = PBXGroup;
			children = (
				896DC0968B17459CB20E8DA1 /* libPods.a */,
			);
			name = Frameworks;
			sourceTree = "<group>";
		};
/* End PBXGroup section */

/* Begin PBXNativeTarget section */
		057FCE2219C4905200BAA2D9 /* SuperAdmin */ = {
			isa = PBXNativeTarget;
			buildConfigurationList = 057FCE4419C4905300BAA2D9 /* Build configuration list for PBXNativeTarget "SuperAdmin" */;
			buildPhases = (
				6D5C22DB030E44548F5069EE /* Check Pods Manifest.lock */,
				057FCE1F19C4905200BAA2D9 /* Sources */,
				057FCE2019C4905200BAA2D9 /* Frameworks */,
				057FCE2119C4905200BAA2D9 /* Resources */,
				8466B923B7C54558A4885B4E /* Copy Pods Resources */,
			);
			buildRules = (
			);
			dependencies = (
			);
			name = SuperAdmin;
			productName = SuperAdmin;
			productReference = 057FCE2319C4905200BAA2D9 /* SuperAdmin.app */;
			productType = "com.apple.product-type.application";
		};
		057FCE3919C4905200BAA2D9 /* SuperAdminTests */ = {
			isa = PBXNativeTarget;
			buildConfigurationList = 057FCE4719C4905300BAA2D9 /* Build configuration list for PBXNativeTarget "SuperAdminTests" */;
			buildPhases = (
				057FCE3619C4905200BAA2D9 /* Sources */,
				057FCE3719C4905200BAA2D9 /* Frameworks */,
				057FCE3819C4905200BAA2D9 /* Resources */,
			);
			buildRules = (
			);
			dependencies = (
				057FCE3C19C4905300BAA2D9 /* PBXTargetDependency */,
			);
			name = SuperAdminTests;
			productName = SuperAdminTests;
			productReference = 057FCE3A19C4905200BAA2D9 /* SuperAdminTests.xctest */;
			productType = "com.apple.product-type.bundle.unit-test";
		};
/* End PBXNativeTarget section */

/* Begin PBXProject section */
		057FCE1B19C4905200BAA2D9 /* Project object */ = {
			isa = PBXProject;
			attributes = {
				LastUpgradeCheck = 0600;
				ORGANIZATIONNAME = cocobabys;
				TargetAttributes = {
					057FCE2219C4905200BAA2D9 = {
						CreatedOnToolsVersion = 6.0;
						DevelopmentTeam = J7M2ZSPTSZ;
					};
					057FCE3919C4905200BAA2D9 = {
						CreatedOnToolsVersion = 6.0;
						TestTargetID = 057FCE2219C4905200BAA2D9;
					};
				};
			};
			buildConfigurationList = 057FCE1E19C4905200BAA2D9 /* Build configuration list for PBXProject "SuperAdmin" */;
			compatibilityVersion = "Xcode 3.2";
			developmentRegion = English;
			hasScannedForEncodings = 0;
			knownRegions = (
				en,
				Base,
			);
			mainGroup = 057FCE1A19C4905200BAA2D9;
			productRefGroup = 057FCE2419C4905200BAA2D9 /* Products */;
			projectDirPath = "";
			projectRoot = "";
			targets = (
				057FCE2219C4905200BAA2D9 /* SuperAdmin */,
				057FCE3919C4905200BAA2D9 /* SuperAdminTests */,
			);
		};
/* End PBXProject section */

/* Begin PBXResourcesBuildPhase section */
		057FCE2119C4905200BAA2D9 /* Resources */ = {
			isa = PBXResourcesBuildPhase;
			buildActionMask = 2147483647;
			files = (
				057FCE3019C4905200BAA2D9 /* Main.storyboard in Resources */,
				057FCE3519C4905200BAA2D9 /* LaunchScreen.xib in Resources */,
				057FCE3219C4905200BAA2D9 /* Images.xcassets in Resources */,
			);
			runOnlyForDeploymentPostprocessing = 0;
		};
		057FCE3819C4905200BAA2D9 /* Resources */ = {
			isa = PBXResourcesBuildPhase;
			buildActionMask = 2147483647;
			files = (
			);
			runOnlyForDeploymentPostprocessing = 0;
		};
/* End PBXResourcesBuildPhase section */

/* Begin PBXShellScriptBuildPhase section */
		6D5C22DB030E44548F5069EE /* Check Pods Manifest.lock */ = {
			isa = PBXShellScriptBuildPhase;
			buildActionMask = 2147483647;
			files = (
			);
			inputPaths = (
			);
			name = "Check Pods Manifest.lock";
			outputPaths = (
			);
			runOnlyForDeploymentPostprocessing = 0;
			shellPath = /bin/sh;
			shellScript = "diff \"${PODS_ROOT}/../Podfile.lock\" \"${PODS_ROOT}/Manifest.lock\" > /dev/null\nif [[ $? != 0 ]] ; then\n    cat << EOM\nerror: The sandbox is not in sync with the Podfile.lock. Run 'pod install' or update your CocoaPods installation.\nEOM\n    exit 1\nfi\n";
			showEnvVarsInLog = 0;
		};
		8466B923B7C54558A4885B4E /* Copy Pods Resources */ = {
			isa = PBXShellScriptBuildPhase;
			buildActionMask = 2147483647;
			files = (
			);
			inputPaths = (
			);
			name = "Copy Pods Resources";
			outputPaths = (
			);
			runOnlyForDeploymentPostprocessing = 0;
			shellPath = /bin/sh;
			shellScript = "\"${SRCROOT}/Pods/Pods-resources.sh\"\n";
			showEnvVarsInLog = 0;
		};
/* End PBXShellScriptBuildPhase section */

/* Begin PBXSourcesBuildPhase section */
		057FCE1F19C4905200BAA2D9 /* Sources */ = {
			isa = PBXSourcesBuildPhase;
			buildActionMask = 2147483647;
			files = (
				0529090F19C9C68900695D7E /* School.swift in Sources */,
				0517657F19C4A5B2002D3957 /* SchoolsViewController.swift in Sources */,
				05B7E0DB19CB2F97006E9A13 /* JSONHelper.swift in Sources */,
				057FCE2D19C4905200BAA2D9 /* SecondViewController.swift in Sources */,
				05B7E0DA19CB2F97006E9A13 /* DataLoader.swift in Sources */,
				05C979E419C7065400A9884B /* SchoolCell.swift in Sources */,
				057FCE2919C4905200BAA2D9 /* AppDelegate.swift in Sources */,
				057FCE2B19C4905200BAA2D9 /* FirstViewController.swift in Sources */,
			);
			runOnlyForDeploymentPostprocessing = 0;
		};
		057FCE3619C4905200BAA2D9 /* Sources */ = {
			isa = PBXSourcesBuildPhase;
			buildActionMask = 2147483647;
			files = (
				057FCE4119C4905300BAA2D9 /* SuperAdminTests.swift in Sources */,
			);
			runOnlyForDeploymentPostprocessing = 0;
		};
/* End PBXSourcesBuildPhase section */

/* Begin PBXTargetDependency section */
		057FCE3C19C4905300BAA2D9 /* PBXTargetDependency */ = {
			isa = PBXTargetDependency;
			target = 057FCE2219C4905200BAA2D9 /* SuperAdmin */;
			targetProxy = 057FCE3B19C4905300BAA2D9 /* PBXContainerItemProxy */;
		};
/* End PBXTargetDependency section */

/* Begin PBXVariantGroup section */
		057FCE2E19C4905200BAA2D9 /* Main.storyboard */ = {
			isa = PBXVariantGroup;
			children = (
				057FCE2F19C4905200BAA2D9 /* Base */,
			);
			name = Main.storyboard;
			sourceTree = "<group>";
		};
		057FCE3319C4905200BAA2D9 /* LaunchScreen.xib */ = {
			isa = PBXVariantGroup;
			children = (
				057FCE3419C4905200BAA2D9 /* Base */,
			);
			name = LaunchScreen.xib;
			sourceTree = "<group>";
		};
/* End PBXVariantGroup section */

/* Begin XCBuildConfiguration section */
		057FCE4219C4905300BAA2D9 /* Debug */ = {
			isa = XCBuildConfiguration;
			buildSettings = {
				ALWAYS_SEARCH_USER_PATHS = NO;
				CLANG_CXX_LANGUAGE_STANDARD = "gnu++0x";
				CLANG_CXX_LIBRARY = "libc++";
				CLANG_ENABLE_MODULES = YES;
				CLANG_ENABLE_OBJC_ARC = YES;
				CLANG_WARN_BOOL_CONVERSION = YES;
				CLANG_WARN_CONSTANT_CONVERSION = YES;
				CLANG_WARN_DIRECT_OBJC_ISA_USAGE = YES_ERROR;
				CLANG_WARN_EMPTY_BODY = YES;
				CLANG_WARN_ENUM_CONVERSION = YES;
				CLANG_WARN_INT_CONVERSION = YES;
				CLANG_WARN_OBJC_ROOT_CLASS = YES_ERROR;
				CLANG_WARN_UNREACHABLE_CODE = YES;
				CLANG_WARN__DUPLICATE_METHOD_MATCH = YES;
				"CODE_SIGN_IDENTITY[sdk=iphoneos*]" = "iPhone Developer";
				COPY_PHASE_STRIP = NO;
				ENABLE_STRICT_OBJC_MSGSEND = YES;
				GCC_C_LANGUAGE_STANDARD = gnu99;
				GCC_DYNAMIC_NO_PIC = NO;
				GCC_OPTIMIZATION_LEVEL = 0;
				GCC_PREPROCESSOR_DEFINITIONS = (
					"DEBUG=1",
					"$(inherited)",
				);
				GCC_SYMBOLS_PRIVATE_EXTERN = NO;
				GCC_WARN_64_TO_32_BIT_CONVERSION = YES;
				GCC_WARN_ABOUT_RETURN_TYPE = YES_ERROR;
				GCC_WARN_UNDECLARED_SELECTOR = YES;
				GCC_WARN_UNINITIALIZED_AUTOS = YES_AGGRESSIVE;
				GCC_WARN_UNUSED_FUNCTION = YES;
				GCC_WARN_UNUSED_VARIABLE = YES;
				IPHONEOS_DEPLOYMENT_TARGET = 7.0;
				MTL_ENABLE_DEBUG_INFO = YES;
				ONLY_ACTIVE_ARCH = YES;
				SDKROOT = iphoneos;
				SWIFT_OPTIMIZATION_LEVEL = "-Onone";
			};
			name = Debug;
		};
		057FCE4319C4905300BAA2D9 /* Release */ = {
			isa = XCBuildConfiguration;
			buildSettings = {
				ALWAYS_SEARCH_USER_PATHS = NO;
				CLANG_CXX_LANGUAGE_STANDARD = "gnu++0x";
				CLANG_CXX_LIBRARY = "libc++";
				CLANG_ENABLE_MODULES = YES;
				CLANG_ENABLE_OBJC_ARC = YES;
				CLANG_WARN_BOOL_CONVERSION = YES;
				CLANG_WARN_CONSTANT_CONVERSION = YES;
				CLANG_WARN_DIRECT_OBJC_ISA_USAGE = YES_ERROR;
				CLANG_WARN_EMPTY_BODY = YES;
				CLANG_WARN_ENUM_CONVERSION = YES;
				CLANG_WARN_INT_CONVERSION = YES;
				CLANG_WARN_OBJC_ROOT_CLASS = YES_ERROR;
				CLANG_WARN_UNREACHABLE_CODE = YES;
				CLANG_WARN__DUPLICATE_METHOD_MATCH = YES;
				"CODE_SIGN_IDENTITY[sdk=iphoneos*]" = "iPhone Developer";
				COPY_PHASE_STRIP = YES;
				ENABLE_NS_ASSERTIONS = NO;
				ENABLE_STRICT_OBJC_MSGSEND = YES;
				GCC_C_LANGUAGE_STANDARD = gnu99;
				GCC_WARN_64_TO_32_BIT_CONVERSION = YES;
				GCC_WARN_ABOUT_RETURN_TYPE = YES_ERROR;
				GCC_WARN_UNDECLARED_SELECTOR = YES;
				GCC_WARN_UNINITIALIZED_AUTOS = YES_AGGRESSIVE;
				GCC_WARN_UNUSED_FUNCTION = YES;
				GCC_WARN_UNUSED_VARIABLE = YES;
				IPHONEOS_DEPLOYMENT_TARGET = 7.0;
				MTL_ENABLE_DEBUG_INFO = NO;
				SDKROOT = iphoneos;
				VALIDATE_PRODUCT = YES;
			};
			name = Release;
		};
		057FCE4519C4905300BAA2D9 /* Debug */ = {
			isa = XCBuildConfiguration;
			baseConfigurationReference = 954EB4C49E0A4A5489593C6A /* Pods.xcconfig */;
			buildSettings = {
				ASSETCATALOG_COMPILER_APPICON_NAME = AppIcon;
				CODE_SIGN_IDENTITY = "iPhone Developer";
				INFOPLIST_FILE = SuperAdmin/Info.plist;
				LD_RUNPATH_SEARCH_PATHS = "$(inherited) @executable_path/Frameworks";
				OTHER_LDFLAGS = (
					"-ObjC",
					"-framework",
					CoreGraphics,
					"-framework",
					MobileCoreServices,
					"-framework",
					Security,
					"-framework",
					SystemConfiguration,
				);
				PRODUCT_NAME = "$(TARGET_NAME)";
				SWIFT_OBJC_BRIDGING_HEADER = "SuperAdmin/SuperAdmin-Bridging-Header.h";
			};
			name = Debug;
		};
		057FCE4619C4905300BAA2D9 /* Release */ = {
			isa = XCBuildConfiguration;
			baseConfigurationReference = 954EB4C49E0A4A5489593C6A /* Pods.xcconfig */;
			buildSettings = {
				ASSETCATALOG_COMPILER_APPICON_NAME = AppIcon;
				CODE_SIGN_IDENTITY = "iPhone Developer";
				INFOPLIST_FILE = SuperAdmin/Info.plist;
				LD_RUNPATH_SEARCH_PATHS = "$(inherited) @executable_path/Frameworks";
				OTHER_LDFLAGS = (
					"-ObjC",
					"-framework",
					CoreGraphics,
					"-framework",
					MobileCoreServices,
					"-framework",
					Security,
					"-framework",
					SystemConfiguration,
				);
				PRODUCT_NAME = "$(TARGET_NAME)";
				SWIFT_OBJC_BRIDGING_HEADER = "SuperAdmin/SuperAdmin-Bridging-Header.h";
			};
			name = Release;
		};
		057FCE4819C4905300BAA2D9 /* Debug */ = {
			isa = XCBuildConfiguration;
			buildSettings = {
				BUNDLE_LOADER = "$(TEST_HOST)";
				FRAMEWORK_SEARCH_PATHS = (
					"$(SDKROOT)/Developer/Library/Frameworks",
					"$(inherited)",
				);
				GCC_PREPROCESSOR_DEFINITIONS = (
					"DEBUG=1",
					"$(inherited)",
				);
				INFOPLIST_FILE = SuperAdminTests/Info.plist;
				LD_RUNPATH_SEARCH_PATHS = "$(inherited) @executable_path/Frameworks @loader_path/Frameworks";
				PRODUCT_NAME = "$(TARGET_NAME)";
				TEST_HOST = "$(BUILT_PRODUCTS_DIR)/SuperAdmin.app/SuperAdmin";
			};
			name = Debug;
		};
		057FCE4919C4905300BAA2D9 /* Release */ = {
			isa = XCBuildConfiguration;
			buildSettings = {
				BUNDLE_LOADER = "$(TEST_HOST)";
				FRAMEWORK_SEARCH_PATHS = (
					"$(SDKROOT)/Developer/Library/Frameworks",
					"$(inherited)",
				);
				INFOPLIST_FILE = SuperAdminTests/Info.plist;
				LD_RUNPATH_SEARCH_PATHS = "$(inherited) @executable_path/Frameworks @loader_path/Frameworks";
				PRODUCT_NAME = "$(TARGET_NAME)";
				TEST_HOST = "$(BUILT_PRODUCTS_DIR)/SuperAdmin.app/SuperAdmin";
			};
			name = Release;
		};
/* End XCBuildConfiguration section */

/* Begin XCConfigurationList section */
		057FCE1E19C4905200BAA2D9 /* Build configuration list for PBXProject "SuperAdmin" */ = {
			isa = XCConfigurationList;
			buildConfigurations = (
				057FCE4219C4905300BAA2D9 /* Debug */,
				057FCE4319C4905300BAA2D9 /* Release */,
			);
			defaultConfigurationIsVisible = 0;
			defaultConfigurationName = Release;
		};
		057FCE4419C4905300BAA2D9 /* Build configuration list for PBXNativeTarget "SuperAdmin" */ = {
			isa = XCConfigurationList;
			buildConfigurations = (
				057FCE4519C4905300BAA2D9 /* Debug */,
				057FCE4619C4905300BAA2D9 /* Release */,
			);
			defaultConfigurationIsVisible = 0;
			defaultConfigurationName = Release;
		};
		057FCE4719C4905300BAA2D9 /* Build configuration list for PBXNativeTarget "SuperAdminTests" */ = {
			isa = XCConfigurationList;
			buildConfigurations = (
				057FCE4819C4905300BAA2D9 /* Debug */,
				057FCE4919C4905300BAA2D9 /* Release */,
			);
			defaultConfigurationIsVisible = 0;
			defaultConfigurationName = Release;
		};
/* End XCConfigurationList section */
	};
	rootObject = 057FCE1B19C4905200BAA2D9 /* Project object */;
}
